
Microsoft Visual Studio Solution File, Format Version 12.00
# Visual Studio Version 17
VisualStudioVersion = 17.11.35222.181
MinimumVisualStudioVersion = 10.0.40219.1
Project("{FAE04EC0-301F-11D3-BF4B-00C04F79EFBC}") = "Student.CRUD", "Student.CRUD\Student.CRUD.csproj", "{55EC53B5-AB6C-4E4D-88D0-217A3065AB71}"
EndProject
Project("{FAE04EC0-301F-11D3-BF4B-00C04F79EFBC}") = "Student.CRUD.Core.Api", "Student.CRUD.Core.Api\Student.CRUD.Core.Api.csproj", "{7034036E-442F-48E1-9D95-988B5A159F87}"
EndProject
Global
	GlobalSection(SolutionConfigurationPlatforms) = preSolution
		Debug|Any CPU = Debug|Any CPU
		Release|Any CPU = Release|Any CPU
	EndGlobalSection
	GlobalSection(ProjectConfigurationPlatforms) = postSolution
		{55EC53B5-AB6C-4E4D-88D0-217A3065AB71}.Debug|Any CPU.ActiveCfg = Debug|Any CPU
		{55EC53B5-AB6C-4E4D-88D0-217A3065AB71}.Debug|Any CPU.Build.0 = Debug|Any CPU
		{55EC53B5-AB6C-4E4D-88D0-217A3065AB71}.Release|Any CPU.ActiveCfg = Release|Any CPU
		{55EC53B5-AB6C-4E4D-88D0-217A3065AB71}.Release|Any CPU.Build.0 = Release|Any CPU
		{7034036E-442F-48E1-9D95-988B5A159F87}.Debug|Any CPU.ActiveCfg = Debug|Any CPU
		{7034036E-442F-48E1-9D95-988B5A159F87}.Debug|Any CPU.Build.0 = Debug|Any CPU
		{7034036E-442F-48E1-9D95-988B5A159F87}.Release|Any CPU.ActiveCfg = Release|Any CPU
		{7034036E-442F-48E1-9D95-988B5A159F87}.Release|Any CPU.Build.0 = Release|Any CPU
	EndGlobalSection
	GlobalSection(SolutionProperties) = preSolution
		HideSolutionNode = FALSE
	EndGlobalSection
	GlobalSection(ExtensibilityGlobals) = postSolution
		SolutionGuid = {0F3A45A0-05E4-4390-9895-0D9832BFB456}
	EndGlobalSection
EndGlobal
